
Microsoft Visual Studio Solution File, Format Version 12.00
# Visual Studio Version 16
VisualStudioVersion = 16.0.30011.22
MinimumVisualStudioVersion = 10.0.40219.1
Project("{FAE04EC0-301F-11D3-BF4B-00C04F79EFBC}") = "Program3", "Program3\Program3.csproj", "{06B561EF-C351-497C-9A8A-10C095AAFA5A}"
EndProject
Global
	GlobalSection(SolutionConfigurationPlatforms) = preSolution
		Debug|Any CPU = Debug|Any CPU
		Release|Any CPU = Release|Any CPU
	EndGlobalSection
	GlobalSection(ProjectConfigurationPlatforms) = postSolution
		{06B561EF-C351-497C-9A8A-10C095AAFA5A}.Debug|Any CPU.ActiveCfg = Debug|Any CPU
		{06B561EF-C351-497C-9A8A-10C095AAFA5A}.Debug|Any CPU.Build.0 = Debug|Any CPU
		{06B561EF-C351-497C-9A8A-10C095AAFA5A}.Release|Any CPU.ActiveCfg = Release|Any CPU
		{06B561EF-C351-497C-9A8A-10C095AAFA5A}.Release|Any CPU.Build.0 = Release|Any CPU
	EndGlobalSection
	GlobalSection(SolutionProperties) = preSolution
		HideSolutionNode = FALSE
	EndGlobalSection
	GlobalSection(ExtensibilityGlobals) = postSolution
		SolutionGuid = {20C9E597-DDAE-419B-A78D-CC137653406A}
	EndGlobalSection
EndGlobal
